
Microsoft Visual Studio Solution File, Format Version 12.00
# Visual Studio Version 16
VisualStudioVersion = 16.0.30503.244
MinimumVisualStudioVersion = 10.0.40219.1
Project("{FAE04EC0-301F-11D3-BF4B-00C04F79EFBC}") = "ListaDeTarefas", "ListaDeTarefas\ListaDeTarefas.csproj", "{C97BC9E5-E9FA-4B28-8B3E-AF4944739B02}"
EndProject
Global
	GlobalSection(SolutionConfigurationPlatforms) = preSolution
		Debug|Any CPU = Debug|Any CPU
		Release|Any CPU = Release|Any CPU
	EndGlobalSection
	GlobalSection(ProjectConfigurationPlatforms) = postSolution
		{C97BC9E5-E9FA-4B28-8B3E-AF4944739B02}.Debug|Any CPU.ActiveCfg = Debug|Any CPU
		{C97BC9E5-E9FA-4B28-8B3E-AF4944739B02}.Debug|Any CPU.Build.0 = Debug|Any CPU
		{C97BC9E5-E9FA-4B28-8B3E-AF4944739B02}.Release|Any CPU.ActiveCfg = Release|Any CPU
		{C97BC9E5-E9FA-4B28-8B3E-AF4944739B02}.Release|Any CPU.Build.0 = Release|Any CPU
	EndGlobalSection
	GlobalSection(SolutionProperties) = preSolution
		HideSolutionNode = FALSE
	EndGlobalSection
	GlobalSection(ExtensibilityGlobals) = postSolution
		SolutionGuid = {0C682261-D8EB-4102-BB33-8563083F1CDD}
	EndGlobalSection
EndGlobal
